
Microsoft Visual Studio Solution File, Format Version 12.00
# Visual Studio Version 17
VisualStudioVersion = 17.7.34031.279
MinimumVisualStudioVersion = 10.0.40219.1
Project("{FAE04EC0-301F-11D3-BF4B-00C04F79EFBC}") = "ApiMvc", "ApiMvc\ApiMvc.csproj", "{6EC2ECF4-E893-4429-90D1-59ED4E615EDF}"
EndProject
Global
	GlobalSection(SolutionConfigurationPlatforms) = preSolution
		Debug|Any CPU = Debug|Any CPU
		Release|Any CPU = Release|Any CPU
	EndGlobalSection
	GlobalSection(ProjectConfigurationPlatforms) = postSolution
		{6EC2ECF4-E893-4429-90D1-59ED4E615EDF}.Debug|Any CPU.ActiveCfg = Debug|Any CPU
		{6EC2ECF4-E893-4429-90D1-59ED4E615EDF}.Debug|Any CPU.Build.0 = Debug|Any CPU
		{6EC2ECF4-E893-4429-90D1-59ED4E615EDF}.Release|Any CPU.ActiveCfg = Release|Any CPU
		{6EC2ECF4-E893-4429-90D1-59ED4E615EDF}.Release|Any CPU.Build.0 = Release|Any CPU
	EndGlobalSection
	GlobalSection(SolutionProperties) = preSolution
		HideSolutionNode = FALSE
	EndGlobalSection
	GlobalSection(ExtensibilityGlobals) = postSolution
		SolutionGuid = {0BC7CCAE-6102-432B-9B90-76C3081A6EAD}
	EndGlobalSection
EndGlobal
